
Microsoft Visual Studio Solution File, Format Version 12.00
# Visual Studio Version 17
VisualStudioVersion = 17.11.35327.3
MinimumVisualStudioVersion = 10.0.40219.1
Project("{FAE04EC0-301F-11D3-BF4B-00C04F79EFBC}") = "Laba4_web", "Laba4_web.csproj", "{4A055D83-9D8E-47D7-9ED7-CC6644BEEA05}"
EndProject
Global
	GlobalSection(SolutionConfigurationPlatforms) = preSolution
		Debug|Any CPU = Debug|Any CPU
		Release|Any CPU = Release|Any CPU
	EndGlobalSection
	GlobalSection(ProjectConfigurationPlatforms) = postSolution
		{4A055D83-9D8E-47D7-9ED7-CC6644BEEA05}.Debug|Any CPU.ActiveCfg = Debug|Any CPU
		{4A055D83-9D8E-47D7-9ED7-CC6644BEEA05}.Debug|Any CPU.Build.0 = Debug|Any CPU
		{4A055D83-9D8E-47D7-9ED7-CC6644BEEA05}.Release|Any CPU.ActiveCfg = Release|Any CPU
		{4A055D83-9D8E-47D7-9ED7-CC6644BEEA05}.Release|Any CPU.Build.0 = Release|Any CPU
	EndGlobalSection
	GlobalSection(SolutionProperties) = preSolution
		HideSolutionNode = FALSE
	EndGlobalSection
	GlobalSection(ExtensibilityGlobals) = postSolution
		SolutionGuid = {0202C4B5-D27F-49BA-808F-56D7F618FED7}
	EndGlobalSection
EndGlobal
