
Microsoft Visual Studio Solution File, Format Version 12.00
Project("{FAE04EC0-301F-11D3-BF4B-00C04F79EFBC}") = "Laba1", "Laba1\Laba1.csproj", "{EA4E7537-619F-4B74-AB60-D40B5FA82092}"
EndProject
Global
	GlobalSection(SolutionConfigurationPlatforms) = preSolution
		Debug|Any CPU = Debug|Any CPU
		Release|Any CPU = Release|Any CPU
	EndGlobalSection
	GlobalSection(ProjectConfigurationPlatforms) = postSolution
		{EA4E7537-619F-4B74-AB60-D40B5FA82092}.Debug|Any CPU.ActiveCfg = Debug|Any CPU
		{EA4E7537-619F-4B74-AB60-D40B5FA82092}.Debug|Any CPU.Build.0 = Debug|Any CPU
		{EA4E7537-619F-4B74-AB60-D40B5FA82092}.Release|Any CPU.ActiveCfg = Release|Any CPU
		{EA4E7537-619F-4B74-AB60-D40B5FA82092}.Release|Any CPU.Build.0 = Release|Any CPU
	EndGlobalSection
EndGlobal
