
Microsoft Visual Studio Solution File, Format Version 12.00
Project("{FAE04EC0-301F-11D3-BF4B-00C04F79EFBC}") = "Laba_2_prob", "Laba_2_prob\Laba_2_prob.csproj", "{8C1688AA-083E-4648-BACC-41C7BC345D8C}"
EndProject
Global
	GlobalSection(SolutionConfigurationPlatforms) = preSolution
		Debug|Any CPU = Debug|Any CPU
		Release|Any CPU = Release|Any CPU
	EndGlobalSection
	GlobalSection(ProjectConfigurationPlatforms) = postSolution
		{8C1688AA-083E-4648-BACC-41C7BC345D8C}.Debug|Any CPU.ActiveCfg = Debug|Any CPU
		{8C1688AA-083E-4648-BACC-41C7BC345D8C}.Debug|Any CPU.Build.0 = Debug|Any CPU
		{8C1688AA-083E-4648-BACC-41C7BC345D8C}.Release|Any CPU.ActiveCfg = Release|Any CPU
		{8C1688AA-083E-4648-BACC-41C7BC345D8C}.Release|Any CPU.Build.0 = Release|Any CPU
	EndGlobalSection
EndGlobal
